
Microsoft Visual Studio Solution File, Format Version 12.00
# Visual Studio 14
VisualStudioVersion = 14.0.25420.1
MinimumVisualStudioVersion = 10.0.40219.1
Project("{FAE04EC0-301F-11D3-BF4B-00C04F79EFBC}") = "Questionnaire", "Questionnaire\Questionnaire.csproj", "{DA694DF5-E14D-4BFD-A2E0-AA24E4D3F538}"
EndProject
Project("{FAE04EC0-301F-11D3-BF4B-00C04F79EFBC}") = "QuestionnaireTests", "QuestionnaireTests\QuestionnaireTests.csproj", "{8744E156-6096-400B-B82D-B51161171914}"
EndProject
Project("{FAE04EC0-301F-11D3-BF4B-00C04F79EFBC}") = "DataAnalysis", "DataAnalysis\DataAnalysis.csproj", "{463968AF-0D13-452A-BCE8-210446736698}"
EndProject
Global
	GlobalSection(SolutionConfigurationPlatforms) = preSolution
		Debug|Any CPU = Debug|Any CPU
		Release|Any CPU = Release|Any CPU
	EndGlobalSection
	GlobalSection(ProjectConfigurationPlatforms) = postSolution
		{DA694DF5-E14D-4BFD-A2E0-AA24E4D3F538}.Debug|Any CPU.ActiveCfg = Debug|Any CPU
		{DA694DF5-E14D-4BFD-A2E0-AA24E4D3F538}.Debug|Any CPU.Build.0 = Debug|Any CPU
		{DA694DF5-E14D-4BFD-A2E0-AA24E4D3F538}.Release|Any CPU.ActiveCfg = Release|Any CPU
		{DA694DF5-E14D-4BFD-A2E0-AA24E4D3F538}.Release|Any CPU.Build.0 = Release|Any CPU
		{8744E156-6096-400B-B82D-B51161171914}.Debug|Any CPU.ActiveCfg = Debug|Any CPU
		{8744E156-6096-400B-B82D-B51161171914}.Debug|Any CPU.Build.0 = Debug|Any CPU
		{8744E156-6096-400B-B82D-B51161171914}.Release|Any CPU.ActiveCfg = Release|Any CPU
		{8744E156-6096-400B-B82D-B51161171914}.Release|Any CPU.Build.0 = Release|Any CPU
		{463968AF-0D13-452A-BCE8-210446736698}.Debug|Any CPU.ActiveCfg = Debug|Any CPU
		{463968AF-0D13-452A-BCE8-210446736698}.Debug|Any CPU.Build.0 = Debug|Any CPU
		{463968AF-0D13-452A-BCE8-210446736698}.Release|Any CPU.ActiveCfg = Release|Any CPU
		{463968AF-0D13-452A-BCE8-210446736698}.Release|Any CPU.Build.0 = Release|Any CPU
	EndGlobalSection
	GlobalSection(SolutionProperties) = preSolution
		HideSolutionNode = FALSE
	EndGlobalSection
EndGlobal
